schema: '2.0'
stages:
  eda_pipeline:
    cmd: python -m src.main_eda
    deps:
    - path: data/Raw/MachineLearningRating_v3.txt
      hash: md5
      md5: f6b7009b68ae21372b7deca9307fbb23
      size: 529363713
    - path: src/data_loader.py
      hash: md5
      md5: edea990396470143dc267c9beb15ebb6
      size: 2769
    - path: src/eda_utils.py
      hash: md5
      md5: e78af44856b4872441d4fdfc7b4a79f3
      size: 7259
    - path: src/main_eda.py
      hash: md5
      md5: 55410f6b26109fc0bdc613f59a238486
      size: 1143
    outs:
    - path: reports/figures/1_risk_by_province.png
      hash: md5
      md5: ff7f031749c8182e1579d86bdabf522e
      size: 38240
    - path: reports/figures/2_severity_by_vehicle.png
      hash: md5
      md5: b0ddb776b09ce0ba09c8ebb64b932504
      size: 48534
    - path: reports/figures/3_monthly_profitability.png
      hash: md5
      md5: 315e7785c608a4f38b38ea47ca12cdda
      size: 61606
    - path: reports/figures/4_gender_risk.png
      hash: md5
      md5: e1edd7607a729222161009c0cb3cd703
      size: 34414
    - path: reports/figures/5_zipcode_risk.png
      hash: md5
      md5: ce9aea62fbd2742203345df3e12db950
      size: 32361
